// !$*UTF8*$!
{
	archiveVersion = 1;
	classes = {
	};
	objectVersion = 46;
	objects = {

/* Begin PBXBuildFile section */
		7803EF221AEB45B0004A300A /* FoodBabyView.xib in Resources */ = {isa = PBXBuildFile; fileRef = 7803EF211AEB45B0004A300A /* FoodBabyView.xib */; };
		784694911AEB3DB00027C9DA /* Images.xcassets in Resources */ = {isa = PBXBuildFile; fileRef = 784694901AEB3DB00027C9DA /* Images.xcassets */; };
		7888DCB91AEB58CA004235F7 /* InteractiveDirectoryView.xib in Resources */ = {isa = PBXBuildFile; fileRef = 7888DCB81AEB58CA004235F7 /* InteractiveDirectoryView.xib */; };
		7888DCBB1AEB5EAA004235F7 /* SportstatView.xib in Resources */ = {isa = PBXBuildFile; fileRef = 7888DCBA1AEB5EAA004235F7 /* SportstatView.xib */; };
		7888DCBD1AEB641F004235F7 /* PebbleBotView.xib in Resources */ = {isa = PBXBuildFile; fileRef = 7888DCBC1AEB641F004235F7 /* PebbleBotView.xib */; };
		7888DCBF1AEB6717004235F7 /* HackathonsView.xib in Resources */ = {isa = PBXBuildFile; fileRef = 7888DCBE1AEB6717004235F7 /* HackathonsView.xib */; };
		7888DCC11AEB79A7004235F7 /* MoreView.xib in Resources */ = {isa = PBXBuildFile; fileRef = 7888DCC01AEB79A7004235F7 /* MoreView.xib */; };
		78B29BBC1AEB33C800BA986E /* ProjectViewController.swift in Sources */ = {isa = PBXBuildFile; fileRef = 78B29BBA1AEB33C800BA986E /* ProjectViewController.swift */; };
		78B29BBD1AEB33C800BA986E /* HiBarView.xib in Resources */ = {isa = PBXBuildFile; fileRef = 78B29BBB1AEB33C800BA986E /* HiBarView.xib */; };
		78B29BBF1AEB3B1400BA986E /* Constants.swift in Sources */ = {isa = PBXBuildFile; fileRef = 78B29BBE1AEB3B1400BA986E /* Constants.swift */; };
		78B3C2A91AEB09F000FB37D4 /* ProjectsTableViewController.swift in Sources */ = {isa = PBXBuildFile; fileRef = 78B3C2A81AEB09F000FB37D4 /* ProjectsTableViewController.swift */; };
		78B3C2AB1AEB11D300FB37D4 /* DetailViewController.swift in Sources */ = {isa = PBXBuildFile; fileRef = 78B3C2AA1AEB11D300FB37D4 /* DetailViewController.swift */; };
		78F54D0D1AEAAC0E00A1E451 /* AppDelegate.swift in Sources */ = {isa = PBXBuildFile; fileRef = 78F54D0C1AEAAC0E00A1E451 /* AppDelegate.swift */; };
		78F54D141AEAAC0E00A1E451 /* Main.storyboard in Resources */ = {isa = PBXBuildFile; fileRef = 78F54D121AEAAC0E00A1E451 /* Main.storyboard */; };
		78F54D191AEAAC0E00A1E451 /* LaunchScreen.xib in Resources */ = {isa = PBXBuildFile; fileRef = 78F54D171AEAAC0E00A1E451 /* LaunchScreen.xib */; };
		78F54D251AEAAC0E00A1E451 /* Daniel_ChenTests.swift in Sources */ = {isa = PBXBuildFile; fileRef = 78F54D241AEAAC0E00A1E451 /* Daniel_ChenTests.swift */; };
/* End PBXBuildFile section */

/* Begin PBXContainerItemProxy section */
		78F54D1F1AEAAC0E00A1E451 /* PBXContainerItemProxy */ = {
			isa = PBXContainerItemProxy;
			containerPortal = 78F54CFF1AEAAC0E00A1E451 /* Project object */;
			proxyType = 1;
			remoteGlobalIDString = 78F54D061AEAAC0E00A1E451;
			remoteInfo = "Daniel Chen";
		};
/* End PBXContainerItemProxy section */

/* Begin PBXFileReference section */
		7803EF211AEB45B0004A300A /* FoodBabyView.xib */ = {isa = PBXFileReference; fileEncoding = 4; lastKnownFileType = file.xib; path = FoodBabyView.xib; sourceTree = "<group>"; };
		784694901AEB3DB00027C9DA /* Images.xcassets */ = {isa = PBXFileReference; lastKnownFileType = folder.assetcatalog; path = Images.xcassets; sourceTree = "<group>"; };
		7888DCB81AEB58CA004235F7 /* InteractiveDirectoryView.xib */ = {isa = PBXFileReference; fileEncoding = 4; lastKnownFileType = file.xib; path = InteractiveDirectoryView.xib; sourceTree = "<group>"; };
		7888DCBA1AEB5EAA004235F7 /* SportstatView.xib */ = {isa = PBXFileReference; fileEncoding = 4; lastKnownFileType = file.xib; path = SportstatView.xib; sourceTree = "<group>"; };
		7888DCBC1AEB641F004235F7 /* PebbleBotView.xib */ = {isa = PBXFileReference; fileEncoding = 4; lastKnownFileType = file.xib; path = PebbleBotView.xib; sourceTree = "<group>"; };
		7888DCBE1AEB6717004235F7 /* HackathonsView.xib */ = {isa = PBXFileReference; fileEncoding = 4; lastKnownFileType = file.xib; path = HackathonsView.xib; sourceTree = "<group>"; };
		7888DCC01AEB79A7004235F7 /* MoreView.xib */ = {isa = PBXFileReference; fileEncoding = 4; lastKnownFileType = file.xib; path = MoreView.xib; sourceTree = "<group>"; };
		78B29BBA1AEB33C800BA986E /* ProjectViewController.swift */ = {isa = PBXFileReference; fileEncoding = 4; lastKnownFileType = sourcecode.swift; path = ProjectViewController.swift; sourceTree = "<group>"; };
		78B29BBB1AEB33C800BA986E /* HiBarView.xib */ = {isa = PBXFileReference; fileEncoding = 4; lastKnownFileType = file.xib; path = HiBarView.xib; sourceTree = "<group>"; };
		78B29BBE1AEB3B1400BA986E /* Constants.swift */ = {isa = PBXFileReference; fileEncoding = 4; lastKnownFileType = sourcecode.swift; path = Constants.swift; sourceTree = "<group>"; };
		78B3C2A81AEB09F000FB37D4 /* ProjectsTableViewController.swift */ = {isa = PBXFileReference; fileEncoding = 4; lastKnownFileType = sourcecode.swift; path = ProjectsTableViewController.swift; sourceTree = "<group>"; };
		78B3C2AA1AEB11D300FB37D4 /* DetailViewController.swift */ = {isa = PBXFileReference; fileEncoding = 4; lastKnownFileType = sourcecode.swift; path = DetailViewController.swift; sourceTree = "<group>"; };
		78F54D071AEAAC0E00A1E451 /* Daniel Chen.app */ = {isa = PBXFileReference; explicitFileType = wrapper.application; includeInIndex = 0; path = "Daniel Chen.app"; sourceTree = BUILT_PRODUCTS_DIR; };
		78F54D0B1AEAAC0E00A1E451 /* Info.plist */ = {isa = PBXFileReference; lastKnownFileType = text.plist.xml; path = Info.plist; sourceTree = "<group>"; };
		78F54D0C1AEAAC0E00A1E451 /* AppDelegate.swift */ = {isa = PBXFileReference; lastKnownFileType = sourcecode.swift; path = AppDelegate.swift; sourceTree = "<group>"; };
		78F54D131AEAAC0E00A1E451 /* Base */ = {isa = PBXFileReference; lastKnownFileType = file.storyboard; name = Base; path = Base.lproj/Main.storyboard; sourceTree = "<group>"; };
		78F54D181AEAAC0E00A1E451 /* Base */ = {isa = PBXFileReference; lastKnownFileType = file.xib; name = Base; path = Base.lproj/LaunchScreen.xib; sourceTree = "<group>"; };
		78F54D1E1AEAAC0E00A1E451 /* Daniel ChenTests.xctest */ = {isa = PBXFileReference; explicitFileType = wrapper.cfbundle; includeInIndex = 0; path = "Daniel ChenTests.xctest"; sourceTree = BUILT_PRODUCTS_DIR; };
		78F54D231AEAAC0E00A1E451 /* Info.plist */ = {isa = PBXFileReference; lastKnownFileType = text.plist.xml; path = Info.plist; sourceTree = "<group>"; };
		78F54D241AEAAC0E00A1E451 /* Daniel_ChenTests.swift */ = {isa = PBXFileReference; lastKnownFileType = sourcecode.swift; path = Daniel_ChenTests.swift; sourceTree = "<group>"; };
/* End PBXFileReference section */

/* Begin PBXFrameworksBuildPhase section */
		78F54D041AEAAC0E00A1E451 /* Frameworks */ = {
			isa = PBXFrameworksBuildPhase;
			buildActionMask = 2147483647;
			files = (
			);
			runOnlyForDeploymentPostprocessing = 0;
		};
		78F54D1B1AEAAC0E00A1E451 /* Frameworks */ = {
			isa = PBXFrameworksBuildPhase;
			buildActionMask = 2147483647;
			files = (
			);
			runOnlyForDeploymentPostprocessing = 0;
		};
/* End PBXFrameworksBuildPhase section */

/* Begin PBXGroup section */
		78F54CFE1AEAAC0E00A1E451 = {
			isa = PBXGroup;
			children = (
				78F54D091AEAAC0E00A1E451 /* Daniel Chen */,
				78F54D211AEAAC0E00A1E451 /* Daniel ChenTests */,
				78F54D081AEAAC0E00A1E451 /* Products */,
			);
			sourceTree = "<group>";
		};
		78F54D081AEAAC0E00A1E451 /* Products */ = {
			isa = PBXGroup;
			children = (
				78F54D071AEAAC0E00A1E451 /* Daniel Chen.app */,
				78F54D1E1AEAAC0E00A1E451 /* Daniel ChenTests.xctest */,
			);
			name = Products;
			sourceTree = "<group>";
		};
		78F54D091AEAAC0E00A1E451 /* Daniel Chen */ = {
			isa = PBXGroup;
			children = (
				784694901AEB3DB00027C9DA /* Images.xcassets */,
				78F54D0C1AEAAC0E00A1E451 /* AppDelegate.swift */,
				78F54D121AEAAC0E00A1E451 /* Main.storyboard */,
				78B3C2AA1AEB11D300FB37D4 /* DetailViewController.swift */,
				78B3C2A81AEB09F000FB37D4 /* ProjectsTableViewController.swift */,
				78F54D171AEAAC0E00A1E451 /* LaunchScreen.xib */,
				78F54D0A1AEAAC0E00A1E451 /* Supporting Files */,
				78B29BBA1AEB33C800BA986E /* ProjectViewController.swift */,
				78B29BBB1AEB33C800BA986E /* HiBarView.xib */,
				78B29BBE1AEB3B1400BA986E /* Constants.swift */,
				7803EF211AEB45B0004A300A /* FoodBabyView.xib */,
				7888DCB81AEB58CA004235F7 /* InteractiveDirectoryView.xib */,
				7888DCBA1AEB5EAA004235F7 /* SportstatView.xib */,
				7888DCBC1AEB641F004235F7 /* PebbleBotView.xib */,
				7888DCBE1AEB6717004235F7 /* HackathonsView.xib */,
				7888DCC01AEB79A7004235F7 /* MoreView.xib */,
			);
			path = "Daniel Chen";
			sourceTree = "<group>";
		};
		78F54D0A1AEAAC0E00A1E451 /* Supporting Files */ = {
			isa = PBXGroup;
			children = (
				78F54D0B1AEAAC0E00A1E451 /* Info.plist */,
			);
			name = "Supporting Files";
			sourceTree = "<group>";
		};
		78F54D211AEAAC0E00A1E451 /* Daniel ChenTests */ = {
			isa = PBXGroup;
			children = (
				78F54D241AEAAC0E00A1E451 /* Daniel_ChenTests.swift */,
				78F54D221AEAAC0E00A1E451 /* Supporting Files */,
			);
			path = "Daniel ChenTests";
			sourceTree = "<group>";
		};
		78F54D221AEAAC0E00A1E451 /* Supporting Files */ = {
			isa = PBXGroup;
			children = (
				78F54D231AEAAC0E00A1E451 /* Info.plist */,
			);
			name = "Supporting Files";
			sourceTree = "<group>";
		};
/* End PBXGroup section */

/* Begin PBXNativeTarget section */
		78F54D061AEAAC0E00A1E451 /* Daniel Chen */ = {
			isa = PBXNativeTarget;
			buildConfigurationList = 78F54D281AEAAC0E00A1E451 /* Build configuration list for PBXNativeTarget "Daniel Chen" */;
			buildPhases = (
				78F54D031AEAAC0E00A1E451 /* Sources */,
				78F54D041AEAAC0E00A1E451 /* Frameworks */,
				78F54D051AEAAC0E00A1E451 /* Resources */,
			);
			buildRules = (
			);
			dependencies = (
			);
			name = "Daniel Chen";
			productName = "Daniel Chen";
			productReference = 78F54D071AEAAC0E00A1E451 /* Daniel Chen.app */;
			productType = "com.apple.product-type.application";
		};
		78F54D1D1AEAAC0E00A1E451 /* Daniel ChenTests */ = {
			isa = PBXNativeTarget;
			buildConfigurationList = 78F54D2B1AEAAC0E00A1E451 /* Build configuration list for PBXNativeTarget "Daniel ChenTests" */;
			buildPhases = (
				78F54D1A1AEAAC0E00A1E451 /* Sources */,
				78F54D1B1AEAAC0E00A1E451 /* Frameworks */,
				78F54D1C1AEAAC0E00A1E451 /* Resources */,
			);
			buildRules = (
			);
			dependencies = (
				78F54D201AEAAC0E00A1E451 /* PBXTargetDependency */,
			);
			name = "Daniel ChenTests";
			productName = "Daniel ChenTests";
			productReference = 78F54D1E1AEAAC0E00A1E451 /* Daniel ChenTests.xctest */;
			productType = "com.apple.product-type.bundle.unit-test";
		};
/* End PBXNativeTarget section */

/* Begin PBXProject section */
		78F54CFF1AEAAC0E00A1E451 /* Project object */ = {
			isa = PBXProject;
			attributes = {
				LastUpgradeCheck = 0630;
				ORGANIZATIONNAME = "Daniel Chen";
				TargetAttributes = {
					78F54D061AEAAC0E00A1E451 = {
						CreatedOnToolsVersion = 6.3.1;
						DevelopmentTeam = 3KC9AXMTPD;
					};
					78F54D1D1AEAAC0E00A1E451 = {
						CreatedOnToolsVersion = 6.3.1;
						TestTargetID = 78F54D061AEAAC0E00A1E451;
					};
				};
			};
			buildConfigurationList = 78F54D021AEAAC0E00A1E451 /* Build configuration list for PBXProject "Daniel Chen" */;
			compatibilityVersion = "Xcode 3.2";
			developmentRegion = English;
			hasScannedForEncodings = 0;
			knownRegions = (
				en,
				Base,
			);
			mainGroup = 78F54CFE1AEAAC0E00A1E451;
			productRefGroup = 78F54D081AEAAC0E00A1E451 /* Products */;
			projectDirPath = "";
			projectRoot = "";
			targets = (
				78F54D061AEAAC0E00A1E451 /* Daniel Chen */,
				78F54D1D1AEAAC0E00A1E451 /* Daniel ChenTests */,
			);
		};
/* End PBXProject section */

/* Begin PBXResourcesBuildPhase section */
		78F54D051AEAAC0E00A1E451 /* Resources */ = {
			isa = PBXResourcesBuildPhase;
			buildActionMask = 2147483647;
			files = (
				7888DCBB1AEB5EAA004235F7 /* SportstatView.xib in Resources */,
				7888DCC11AEB79A7004235F7 /* MoreView.xib in Resources */,
				7803EF221AEB45B0004A300A /* FoodBabyView.xib in Resources */,
				7888DCB91AEB58CA004235F7 /* InteractiveDirectoryView.xib in Resources */,
				78F54D141AEAAC0E00A1E451 /* Main.storyboard in Resources */,
				7888DCBD1AEB641F004235F7 /* PebbleBotView.xib in Resources */,
				784694911AEB3DB00027C9DA /* Images.xcassets in Resources */,
				78F54D191AEAAC0E00A1E451 /* LaunchScreen.xib in Resources */,
				78B29BBD1AEB33C800BA986E /* HiBarView.xib in Resources */,
				7888DCBF1AEB6717004235F7 /* HackathonsView.xib in Resources */,
			);
			runOnlyForDeploymentPostprocessing = 0;
		};
		78F54D1C1AEAAC0E00A1E451 /* Resources */ = {
			isa = PBXResourcesBuildPhase;
			buildActionMask = 2147483647;
			files = (
			);
			runOnlyForDeploymentPostprocessing = 0;
		};
/* End PBXResourcesBuildPhase section */

/* Begin PBXSourcesBuildPhase section */
		78F54D031AEAAC0E00A1E451 /* Sources */ = {
			isa = PBXSourcesBuildPhase;
			buildActionMask = 2147483647;
			files = (
				78F54D0D1AEAAC0E00A1E451 /* AppDelegate.swift in Sources */,
				78B3C2AB1AEB11D300FB37D4 /* DetailViewController.swift in Sources */,
				78B29BBF1AEB3B1400BA986E /* Constants.swift in Sources */,
				78B3C2A91AEB09F000FB37D4 /* ProjectsTableViewController.swift in Sources */,
				78B29BBC1AEB33C800BA986E /* ProjectViewController.swift in Sources */,
			);
			runOnlyForDeploymentPostprocessing = 0;
		};
		78F54D1A1AEAAC0E00A1E451 /* Sources */ = {
			isa = PBXSourcesBuildPhase;
			buildActionMask = 2147483647;
			files = (
				78F54D251AEAAC0E00A1E451 /* Daniel_ChenTests.swift in Sources */,
			);
			runOnlyForDeploymentPostprocessing = 0;
		};
/* End PBXSourcesBuildPhase section */

/* Begin PBXTargetDependency section */
		78F54D201AEAAC0E00A1E451 /* PBXTargetDependency */ = {
			isa = PBXTargetDependency;
			target = 78F54D061AEAAC0E00A1E451 /* Daniel Chen */;
			targetProxy = 78F54D1F1AEAAC0E00A1E451 /* PBXContainerItemProxy */;
		};
/* End PBXTargetDependency section */

/* Begin PBXVariantGroup section */
		78F54D121AEAAC0E00A1E451 /* Main.storyboard */ = {
			isa = PBXVariantGroup;
			children = (
				78F54D131AEAAC0E00A1E451 /* Base */,
			);
			name = Main.storyboard;
			sourceTree = "<group>";
		};
		78F54D171AEAAC0E00A1E451 /* LaunchScreen.xib */ = {
			isa = PBXVariantGroup;
			children = (
				78F54D181AEAAC0E00A1E451 /* Base */,
			);
			name = LaunchScreen.xib;
			sourceTree = "<group>";
		};
/* End PBXVariantGroup section */

/* Begin XCBuildConfiguration section */
		78F54D261AEAAC0E00A1E451 /* Debug */ = {
			isa = XCBuildConfiguration;
			buildSettings = {
				ALWAYS_SEARCH_USER_PATHS = NO;
				CLANG_CXX_LANGUAGE_STANDARD = "gnu++0x";
				CLANG_CXX_LIBRARY = "libc++";
				CLANG_ENABLE_MODULES = YES;
				CLANG_ENABLE_OBJC_ARC = YES;
				CLANG_WARN_BOOL_CONVERSION = YES;
				CLANG_WARN_CONSTANT_CONVERSION = YES;
				CLANG_WARN_DIRECT_OBJC_ISA_USAGE = YES_ERROR;
				CLANG_WARN_EMPTY_BODY = YES;
				CLANG_WARN_ENUM_CONVERSION = YES;
				CLANG_WARN_INT_CONVERSION = YES;
				CLANG_WARN_OBJC_ROOT_CLASS = YES_ERROR;
				CLANG_WARN_UNREACHABLE_CODE = YES;
				CLANG_WARN__DUPLICATE_METHOD_MATCH = YES;
				"CODE_SIGN_IDENTITY[sdk=iphoneos*]" = "iPhone Developer";
				COPY_PHASE_STRIP = NO;
				DEBUG_INFORMATION_FORMAT = "dwarf-with-dsym";
				ENABLE_STRICT_OBJC_MSGSEND = YES;
				GCC_C_LANGUAGE_STANDARD = gnu99;
				GCC_DYNAMIC_NO_PIC = NO;
				GCC_NO_COMMON_BLOCKS = YES;
				GCC_OPTIMIZATION_LEVEL = 0;
				GCC_PREPROCESSOR_DEFINITIONS = (
					"DEBUG=1",
					"$(inherited)",
				);
				GCC_SYMBOLS_PRIVATE_EXTERN = NO;
				GCC_WARN_64_TO_32_BIT_CONVERSION = YES;
				GCC_WARN_ABOUT_RETURN_TYPE = YES_ERROR;
				GCC_WARN_UNDECLARED_SELECTOR = YES;
				GCC_WARN_UNINITIALIZED_AUTOS = YES_AGGRESSIVE;
				GCC_WARN_UNUSED_FUNCTION = YES;
				GCC_WARN_UNUSED_VARIABLE = YES;
				IPHONEOS_DEPLOYMENT_TARGET = 8.3;
				MTL_ENABLE_DEBUG_INFO = YES;
				ONLY_ACTIVE_ARCH = YES;
				SDKROOT = iphoneos;
				SWIFT_OPTIMIZATION_LEVEL = "-Onone";
				TARGETED_DEVICE_FAMILY = 2;
			};
			name = Debug;
		};
		78F54D271AEAAC0E00A1E451 /* Release */ = {
			isa = XCBuildConfiguration;
			buildSettings = {
				ALWAYS_SEARCH_USER_PATHS = NO;
				CLANG_CXX_LANGUAGE_STANDARD = "gnu++0x";
				CLANG_CXX_LIBRARY = "libc++";
				CLANG_ENABLE_MODULES = YES;
				CLANG_ENABLE_OBJC_ARC = YES;
				CLANG_WARN_BOOL_CONVERSION = YES;
				CLANG_WARN_CONSTANT_CONVERSION = YES;
				CLANG_WARN_DIRECT_OBJC_ISA_USAGE = YES_ERROR;
				CLANG_WARN_EMPTY_BODY = YES;
				CLANG_WARN_ENUM_CONVERSION = YES;
				CLANG_WARN_INT_CONVERSION = YES;
				CLANG_WARN_OBJC_ROOT_CLASS = YES_ERROR;
				CLANG_WARN_UNREACHABLE_CODE = YES;
				CLANG_WARN__DUPLICATE_METHOD_MATCH = YES;
				"CODE_SIGN_IDENTITY[sdk=iphoneos*]" = "iPhone Developer";
				COPY_PHASE_STRIP = NO;
				DEBUG_INFORMATION_FORMAT = "dwarf-with-dsym";
				ENABLE_NS_ASSERTIONS = NO;
				ENABLE_STRICT_OBJC_MSGSEND = YES;
				GCC_C_LANGUAGE_STANDARD = gnu99;
				GCC_NO_COMMON_BLOCKS = YES;
				GCC_WARN_64_TO_32_BIT_CONVERSION = YES;
				GCC_WARN_ABOUT_RETURN_TYPE = YES_ERROR;
				GCC_WARN_UNDECLARED_SELECTOR = YES;
				GCC_WARN_UNINITIALIZED_AUTOS = YES_AGGRESSIVE;
				GCC_WARN_UNUSED_FUNCTION = YES;
				GCC_WARN_UNUSED_VARIABLE = YES;
				IPHONEOS_DEPLOYMENT_TARGET = 8.3;
				MTL_ENABLE_DEBUG_INFO = NO;
				SDKROOT = iphoneos;
				TARGETED_DEVICE_FAMILY = 2;
				VALIDATE_PRODUCT = YES;
			};
			name = Release;
		};
		78F54D291AEAAC0E00A1E451 /* Debug */ = {
			isa = XCBuildConfiguration;
			buildSettings = {
				ASSETCATALOG_COMPILER_APPICON_NAME = AppIcon;
				CODE_SIGN_IDENTITY = "iPhone Developer";
				"CODE_SIGN_IDENTITY[sdk=iphoneos*]" = "iPhone Developer";
				INFOPLIST_FILE = "Daniel Chen/Info.plist";
				LD_RUNPATH_SEARCH_PATHS = "$(inherited) @executable_path/Frameworks";
				PRODUCT_NAME = "$(TARGET_NAME)";
				PROVISIONING_PROFILE = "";
			};
			name = Debug;
		};
		78F54D2A1AEAAC0E00A1E451 /* Release */ = {
			isa = XCBuildConfiguration;
			buildSettings = {
				ASSETCATALOG_COMPILER_APPICON_NAME = AppIcon;
				CODE_SIGN_IDENTITY = "iPhone Developer";
				"CODE_SIGN_IDENTITY[sdk=iphoneos*]" = "iPhone Developer";
				INFOPLIST_FILE = "Daniel Chen/Info.plist";
				LD_RUNPATH_SEARCH_PATHS = "$(inherited) @executable_path/Frameworks";
				PRODUCT_NAME = "$(TARGET_NAME)";
				PROVISIONING_PROFILE = "";
			};
			name = Release;
		};
		78F54D2C1AEAAC0E00A1E451 /* Debug */ = {
			isa = XCBuildConfiguration;
			buildSettings = {
				BUNDLE_LOADER = "$(TEST_HOST)";
				FRAMEWORK_SEARCH_PATHS = (
					"$(SDKROOT)/Developer/Library/Frameworks",
					"$(inherited)",
				);
				GCC_PREPROCESSOR_DEFINITIONS = (
					"DEBUG=1",
					"$(inherited)",
				);
				INFOPLIST_FILE = "Daniel ChenTests/Info.plist";
				LD_RUNPATH_SEARCH_PATHS = "$(inherited) @executable_path/Frameworks @loader_path/Frameworks";
				PRODUCT_NAME = "$(TARGET_NAME)";
				TEST_HOST = "$(BUILT_PRODUCTS_DIR)/Daniel Chen.app/Daniel Chen";
			};
			name = Debug;
		};
		78F54D2D1AEAAC0E00A1E451 /* Release */ = {
			isa = XCBuildConfiguration;
			buildSettings = {
				BUNDLE_LOADER = "$(TEST_HOST)";
				FRAMEWORK_SEARCH_PATHS = (
					"$(SDKROOT)/Developer/Library/Frameworks",
					"$(inherited)",
				);
				INFOPLIST_FILE = "Daniel ChenTests/Info.plist";
				LD_RUNPATH_SEARCH_PATHS = "$(inherited) @executable_path/Frameworks @loader_path/Frameworks";
				PRODUCT_NAME = "$(TARGET_NAME)";
				TEST_HOST = "$(BUILT_PRODUCTS_DIR)/Daniel Chen.app/Daniel Chen";
			};
			name = Release;
		};
/* End XCBuildConfiguration section */

/* Begin XCConfigurationList section */
		78F54D021AEAAC0E00A1E451 /* Build configuration list for PBXProject "Daniel Chen" */ = {
			isa = XCConfigurationList;
			buildConfigurations = (
				78F54D261AEAAC0E00A1E451 /* Debug */,
				78F54D271AEAAC0E00A1E451 /* Release */,
			);
			defaultConfigurationIsVisible = 0;
			defaultConfigurationName = Release;
		};
		78F54D281AEAAC0E00A1E451 /* Build configuration list for PBXNativeTarget "Daniel Chen" */ = {
			isa = XCConfigurationList;
			buildConfigurations = (
				78F54D291AEAAC0E00A1E451 /* Debug */,
				78F54D2A1AEAAC0E00A1E451 /* Release */,
			);
			defaultConfigurationIsVisible = 0;
			defaultConfigurationName = Release;
		};
		78F54D2B1AEAAC0E00A1E451 /* Build configuration list for PBXNativeTarget "Daniel ChenTests" */ = {
			isa = XCConfigurationList;
			buildConfigurations = (
				78F54D2C1AEAAC0E00A1E451 /* Debug */,
				78F54D2D1AEAAC0E00A1E451 /* Release */,
			);
			defaultConfigurationIsVisible = 0;
			defaultConfigurationName = Release;
		};
/* End XCConfigurationList section */
	};
	rootObject = 78F54CFF1AEAAC0E00A1E451 /* Project object */;
}
